// !$*UTF8*$!
{
	archiveVersion = 1;
	classes = {
	};
	objectVersion = 55;
	objects = {

/* Begin PBXBuildFile section */
		739E3E4A28DDE22D0022BB60 /* H4x0r_NewsApp.swift in Sources */ = {isa = PBXBuildFile; fileRef = 739E3E4928DDE22D0022BB60 /* H4x0r_NewsApp.swift */; };
		739E3E4C28DDE22D0022BB60 /* ContentView.swift in Sources */ = {isa = PBXBuildFile; fileRef = 739E3E4B28DDE22D0022BB60 /* ContentView.swift */; };
		739E3E4E28DDE2350022BB60 /* Assets.xcassets in Resources */ = {isa = PBXBuildFile; fileRef = 739E3E4D28DDE2350022BB60 /* Assets.xcassets */; };
		739E3E5128DDE2350022BB60 /* Preview Assets.xcassets in Resources */ = {isa = PBXBuildFile; fileRef = 739E3E5028DDE2350022BB60 /* Preview Assets.xcassets */; };
		739E3E5928DDEB2F0022BB60 /* NetworkManager.swift in Sources */ = {isa = PBXBuildFile; fileRef = 739E3E5828DDEB2F0022BB60 /* NetworkManager.swift */; };
		739E3E5B28DDEE240022BB60 /* PostData.swift in Sources */ = {isa = PBXBuildFile; fileRef = 739E3E5A28DDEE240022BB60 /* PostData.swift */; };
		739E3E5E28DE02710022BB60 /* DetailView.swift in Sources */ = {isa = PBXBuildFile; fileRef = 739E3E5D28DE02710022BB60 /* DetailView.swift */; };
		73B640A828E1EFD3006F0884 /* WebView.swift in Sources */ = {isa = PBXBuildFile; fileRef = 73B640A728E1EFD3006F0884 /* WebView.swift */; };
/* End PBXBuildFile section */

/* Begin PBXFileReference section */
		739E3E4628DDE22C0022BB60 /* H4x0r News.app */ = {isa = PBXFileReference; explicitFileType = wrapper.application; includeInIndex = 0; path = "H4x0r News.app"; sourceTree = BUILT_PRODUCTS_DIR; };
		739E3E4928DDE22D0022BB60 /* H4x0r_NewsApp.swift */ = {isa = PBXFileReference; lastKnownFileType = sourcecode.swift; path = H4x0r_NewsApp.swift; sourceTree = "<group>"; };
		739E3E4B28DDE22D0022BB60 /* ContentView.swift */ = {isa = PBXFileReference; lastKnownFileType = sourcecode.swift; path = ContentView.swift; sourceTree = "<group>"; };
		739E3E4D28DDE2350022BB60 /* Assets.xcassets */ = {isa = PBXFileReference; lastKnownFileType = folder.assetcatalog; path = Assets.xcassets; sourceTree = "<group>"; };
		739E3E5028DDE2350022BB60 /* Preview Assets.xcassets */ = {isa = PBXFileReference; lastKnownFileType = folder.assetcatalog; path = "Preview Assets.xcassets"; sourceTree = "<group>"; };
		739E3E5828DDEB2F0022BB60 /* NetworkManager.swift */ = {isa = PBXFileReference; lastKnownFileType = sourcecode.swift; path = NetworkManager.swift; sourceTree = "<group>"; };
		739E3E5A28DDEE240022BB60 /* PostData.swift */ = {isa = PBXFileReference; lastKnownFileType = sourcecode.swift; path = PostData.swift; sourceTree = "<group>"; };
		739E3E5D28DE02710022BB60 /* DetailView.swift */ = {isa = PBXFileReference; lastKnownFileType = sourcecode.swift; path = DetailView.swift; sourceTree = "<group>"; };
		73B640A728E1EFD3006F0884 /* WebView.swift */ = {isa = PBXFileReference; lastKnownFileType = sourcecode.swift; path = WebView.swift; sourceTree = "<group>"; };
		73B640A928E1F316006F0884 /* H4x0r News.entitlements */ = {isa = PBXFileReference; lastKnownFileType = text.plist.entitlements; path = "H4x0r News.entitlements"; sourceTree = "<group>"; };
/* End PBXFileReference section */

/* Begin PBXFrameworksBuildPhase section */
		739E3E4328DDE22C0022BB60 /* Frameworks */ = {
			isa = PBXFrameworksBuildPhase;
			buildActionMask = 2147483647;
			files = (
			);
			runOnlyForDeploymentPostprocessing = 0;
		};
/* End PBXFrameworksBuildPhase section */

/* Begin PBXGroup section */
		739E3E3D28DDE22C0022BB60 = {
			isa = PBXGroup;
			children = (
				739E3E4828DDE22C0022BB60 /* H4x0r News */,
				739E3E4728DDE22C0022BB60 /* Products */,
			);
			sourceTree = "<group>";
		};
		739E3E4728DDE22C0022BB60 /* Products */ = {
			isa = PBXGroup;
			children = (
				739E3E4628DDE22C0022BB60 /* H4x0r News.app */,
			);
			name = Products;
			sourceTree = "<group>";
		};
		739E3E4828DDE22C0022BB60 /* H4x0r News */ = {
			isa = PBXGroup;
			children = (
				73B640A928E1F316006F0884 /* H4x0r News.entitlements */,
				739E3E4928DDE22D0022BB60 /* H4x0r_NewsApp.swift */,
				739E3E5728DDEB150022BB60 /* Models */,
				739E3E5C28DE02310022BB60 /* Views */,
				739E3E4D28DDE2350022BB60 /* Assets.xcassets */,
				739E3E4F28DDE2350022BB60 /* Preview Content */,
			);
			path = "H4x0r News";
			sourceTree = "<group>";
		};
		739E3E4F28DDE2350022BB60 /* Preview Content */ = {
			isa = PBXGroup;
			children = (
				739E3E5028DDE2350022BB60 /* Preview Assets.xcassets */,
			);
			path = "Preview Content";
			sourceTree = "<group>";
		};
		739E3E5728DDEB150022BB60 /* Models */ = {
			isa = PBXGroup;
			children = (
				739E3E5828DDEB2F0022BB60 /* NetworkManager.swift */,
				739E3E5A28DDEE240022BB60 /* PostData.swift */,
			);
			path = Models;
			sourceTree = "<group>";
		};
		739E3E5C28DE02310022BB60 /* Views */ = {
			isa = PBXGroup;
			children = (
				739E3E4B28DDE22D0022BB60 /* ContentView.swift */,
				739E3E5D28DE02710022BB60 /* DetailView.swift */,
				73B640A728E1EFD3006F0884 /* WebView.swift */,
			);
			path = Views;
			sourceTree = "<group>";
		};
/* End PBXGroup section */

/* Begin PBXNativeTarget section */
		739E3E4528DDE22C0022BB60 /* H4x0r News */ = {
			isa = PBXNativeTarget;
			buildConfigurationList = 739E3E5428DDE2350022BB60 /* Build configuration list for PBXNativeTarget "H4x0r News" */;
			buildPhases = (
				739E3E4228DDE22C0022BB60 /* Sources */,
				739E3E4328DDE22C0022BB60 /* Frameworks */,
				739E3E4428DDE22C0022BB60 /* Resources */,
			);
			buildRules = (
			);
			dependencies = (
			);
			name = "H4x0r News";
			productName = "H4x0r News";
			productReference = 739E3E4628DDE22C0022BB60 /* H4x0r News.app */;
			productType = "com.apple.product-type.application";
		};
/* End PBXNativeTarget section */

/* Begin PBXProject section */
		739E3E3E28DDE22C0022BB60 /* Project object */ = {
			isa = PBXProject;
			attributes = {
				BuildIndependentTargetsInParallel = 1;
				LastSwiftUpdateCheck = 1340;
				LastUpgradeCheck = 1340;
				TargetAttributes = {
					739E3E4528DDE22C0022BB60 = {
						CreatedOnToolsVersion = 13.4.1;
					};
				};
			};
			buildConfigurationList = 739E3E4128DDE22C0022BB60 /* Build configuration list for PBXProject "H4x0r News" */;
			compatibilityVersion = "Xcode 13.0";
			developmentRegion = en;
			hasScannedForEncodings = 0;
			knownRegions = (
				en,
				Base,
			);
			mainGroup = 739E3E3D28DDE22C0022BB60;
			productRefGroup = 739E3E4728DDE22C0022BB60 /* Products */;
			projectDirPath = "";
			projectRoot = "";
			targets = (
				739E3E4528DDE22C0022BB60 /* H4x0r News */,
			);
		};
/* End PBXProject section */

/* Begin PBXResourcesBuildPhase section */
		739E3E4428DDE22C0022BB60 /* Resources */ = {
			isa = PBXResourcesBuildPhase;
			buildActionMask = 2147483647;
			files = (
				739E3E5128DDE2350022BB60 /* Preview Assets.xcassets in Resources */,
				739E3E4E28DDE2350022BB60 /* Assets.xcassets in Resources */,
			);
			runOnlyForDeploymentPostprocessing = 0;
		};
/* End PBXResourcesBuildPhase section */

/* Begin PBXSourcesBuildPhase section */
		739E3E4228DDE22C0022BB60 /* Sources */ = {
			isa = PBXSourcesBuildPhase;
			buildActionMask = 2147483647;
			files = (
				739E3E5928DDEB2F0022BB60 /* NetworkManager.swift in Sources */,
				739E3E5B28DDEE240022BB60 /* PostData.swift in Sources */,
				739E3E4C28DDE22D0022BB60 /* ContentView.swift in Sources */,
				73B640A828E1EFD3006F0884 /* WebView.swift in Sources */,
				739E3E5E28DE02710022BB60 /* DetailView.swift in Sources */,
				739E3E4A28DDE22D0022BB60 /* H4x0r_NewsApp.swift in Sources */,
			);
			runOnlyForDeploymentPostprocessing = 0;
		};
/* End PBXSourcesBuildPhase section */

/* Begin XCBuildConfiguration section */
		739E3E5228DDE2350022BB60 /* Debug */ = {
			isa = XCBuildConfiguration;
			buildSettings = {
				ALWAYS_SEARCH_USER_PATHS = NO;
				CLANG_ANALYZER_NONNULL = YES;
				CLANG_ANALYZER_NUMBER_OBJECT_CONVERSION = YES_AGGRESSIVE;
				CLANG_CXX_LANGUAGE_STANDARD = "gnu++17";
				CLANG_ENABLE_MODULES = YES;
				CLANG_ENABLE_OBJC_ARC = YES;
				CLANG_ENABLE_OBJC_WEAK = YES;
				CLANG_WARN_BLOCK_CAPTURE_AUTORELEASING = YES;
				CLANG_WARN_BOOL_CONVERSION = YES;
				CLANG_WARN_COMMA = YES;
				CLANG_WARN_CONSTANT_CONVERSION = YES;
				CLANG_WARN_DEPRECATED_OBJC_IMPLEMENTATIONS = YES;
				CLANG_WARN_DIRECT_OBJC_ISA_USAGE = YES_ERROR;
				CLANG_WARN_DOCUMENTATION_COMMENTS = YES;
				CLANG_WARN_EMPTY_BODY = YES;
				CLANG_WARN_ENUM_CONVERSION = YES;
				CLANG_WARN_INFINITE_RECURSION = YES;
				CLANG_WARN_INT_CONVERSION = YES;
				CLANG_WARN_NON_LITERAL_NULL_CONVERSION = YES;
				CLANG_WARN_OBJC_IMPLICIT_RETAIN_SELF = YES;
				CLANG_WARN_OBJC_LITERAL_CONVERSION = YES;
				CLANG_WARN_OBJC_ROOT_CLASS = YES_ERROR;
				CLANG_WARN_QUOTED_INCLUDE_IN_FRAMEWORK_HEADER = YES;
				CLANG_WARN_RANGE_LOOP_ANALYSIS = YES;
				CLANG_WARN_STRICT_PROTOTYPES = YES;
				CLANG_WARN_SUSPICIOUS_MOVE = YES;
				CLANG_WARN_UNGUARDED_AVAILABILITY = YES_AGGRESSIVE;
				CLANG_WARN_UNREACHABLE_CODE = YES;
				CLANG_WARN__DUPLICATE_METHOD_MATCH = YES;
				COPY_PHASE_STRIP = NO;
				DEBUG_INFORMATION_FORMAT = dwarf;
				ENABLE_STRICT_OBJC_MSGSEND = YES;
				ENABLE_TESTABILITY = YES;
				GCC_C_LANGUAGE_STANDARD = gnu11;
				GCC_DYNAMIC_NO_PIC = NO;
				GCC_NO_COMMON_BLOCKS = YES;
				GCC_OPTIMIZATION_LEVEL = 0;
				GCC_PREPROCESSOR_DEFINITIONS = (
					"DEBUG=1",
					"$(inherited)",
				);
				GCC_WARN_64_TO_32_BIT_CONVERSION = YES;
				GCC_WARN_ABOUT_RETURN_TYPE = YES_ERROR;
				GCC_WARN_UNDECLARED_SELECTOR = YES;
				GCC_WARN_UNINITIALIZED_AUTOS = YES_AGGRESSIVE;
				GCC_WARN_UNUSED_FUNCTION = YES;
				GCC_WARN_UNUSED_VARIABLE = YES;
				IPHONEOS_DEPLOYMENT_TARGET = 15.5;
				MTL_ENABLE_DEBUG_INFO = INCLUDE_SOURCE;
				MTL_FAST_MATH = YES;
				ONLY_ACTIVE_ARCH = YES;
				SDKROOT = iphoneos;
				SWIFT_ACTIVE_COMPILATION_CONDITIONS = DEBUG;
				SWIFT_OPTIMIZATION_LEVEL = "-Onone";
			};
			name = Debug;
		};
		739E3E5328DDE2350022BB60 /* Release */ = {
			isa = XCBuildConfiguration;
			buildSettings = {
				ALWAYS_SEARCH_USER_PATHS = NO;
				CLANG_ANALYZER_NONNULL = YES;
				CLANG_ANALYZER_NUMBER_OBJECT_CONVERSION = YES_AGGRESSIVE;
				CLANG_CXX_LANGUAGE_STANDARD = "gnu++17";
				CLANG_ENABLE_MODULES = YES;
				CLANG_ENABLE_OBJC_ARC = YES;
				CLANG_ENABLE_OBJC_WEAK = YES;
				CLANG_WARN_BLOCK_CAPTURE_AUTORELEASING = YES;
				CLANG_WARN_BOOL_CONVERSION = YES;
				CLANG_WARN_COMMA = YES;
				CLANG_WARN_CONSTANT_CONVERSION = YES;
				CLANG_WARN_DEPRECATED_OBJC_IMPLEMENTATIONS = YES;
				CLANG_WARN_DIRECT_OBJC_ISA_USAGE = YES_ERROR;
				CLANG_WARN_DOCUMENTATION_COMMENTS = YES;
				CLANG_WARN_EMPTY_BODY = YES;
				CLANG_WARN_ENUM_CONVERSION = YES;
				CLANG_WARN_INFINITE_RECURSION = YES;
				CLANG_WARN_INT_CONVERSION = YES;
				CLANG_WARN_NON_LITERAL_NULL_CONVERSION = YES;
				CLANG_WARN_OBJC_IMPLICIT_RETAIN_SELF = YES;
				CLANG_WARN_OBJC_LITERAL_CONVERSION = YES;
				CLANG_WARN_OBJC_ROOT_CLASS = YES_ERROR;
				CLANG_WARN_QUOTED_INCLUDE_IN_FRAMEWORK_HEADER = YES;
				CLANG_WARN_RANGE_LOOP_ANALYSIS = YES;
				CLANG_WARN_STRICT_PROTOTYPES = YES;
				CLANG_WARN_SUSPICIOUS_MOVE = YES;
				CLANG_WARN_UNGUARDED_AVAILABILITY = YES_AGGRESSIVE;
				CLANG_WARN_UNREACHABLE_CODE = YES;
				CLANG_WARN__DUPLICATE_METHOD_MATCH = YES;
				COPY_PHASE_STRIP = NO;
				DEBUG_INFORMATION_FORMAT = "dwarf-with-dsym";
				ENABLE_NS_ASSERTIONS = NO;
				ENABLE_STRICT_OBJC_MSGSEND = YES;
				GCC_C_LANGUAGE_STANDARD = gnu11;
				GCC_NO_COMMON_BLOCKS = YES;
				GCC_WARN_64_TO_32_BIT_CONVERSION = YES;
				GCC_WARN_ABOUT_RETURN_TYPE = YES_ERROR;
				GCC_WARN_UNDECLARED_SELECTOR = YES;
				GCC_WARN_UNINITIALIZED_AUTOS = YES_AGGRESSIVE;
				GCC_WARN_UNUSED_FUNCTION = YES;
				GCC_WARN_UNUSED_VARIABLE = YES;
				IPHONEOS_DEPLOYMENT_TARGET = 15.5;
				MTL_ENABLE_DEBUG_INFO = NO;
				MTL_FAST_MATH = YES;
				SDKROOT = iphoneos;
				SWIFT_COMPILATION_MODE = wholemodule;
				SWIFT_OPTIMIZATION_LEVEL = "-O";
				VALIDATE_PRODUCT = YES;
			};
			name = Release;
		};
		739E3E5528DDE2350022BB60 /* Debug */ = {
			isa = XCBuildConfiguration;
			buildSettings = {
				ASSETCATALOG_COMPILER_APPICON_NAME = AppIcon;
				ASSETCATALOG_COMPILER_GLOBAL_ACCENT_COLOR_NAME = AccentColor;
				CODE_SIGN_ENTITLEMENTS = "H4x0r News/H4x0r News.entitlements";
				CODE_SIGN_STYLE = Automatic;
				CURRENT_PROJECT_VERSION = 1;
				DEVELOPMENT_ASSET_PATHS = "\"H4x0r News/Preview Content\"";
				DEVELOPMENT_TEAM = 566CT6QDNS;
				ENABLE_PREVIEWS = YES;
				GENERATE_INFOPLIST_FILE = YES;
				INFOPLIST_KEY_UIApplicationSceneManifest_Generation = YES;
				INFOPLIST_KEY_UIApplicationSupportsIndirectInputEvents = YES;
				INFOPLIST_KEY_UILaunchScreen_Generation = YES;
				INFOPLIST_KEY_UISupportedInterfaceOrientations_iPad = "UIInterfaceOrientationPortrait UIInterfaceOrientationPortraitUpsideDown UIInterfaceOrientationLandscapeLeft UIInterfaceOrientationLandscapeRight";
				INFOPLIST_KEY_UISupportedInterfaceOrientations_iPhone = "UIInterfaceOrientationPortrait UIInterfaceOrientationLandscapeLeft UIInterfaceOrientationLandscapeRight";
				LD_RUNPATH_SEARCH_PATHS = (
					"$(inherited)",
					"@executable_path/Frameworks",
				);
				MARKETING_VERSION = 1.0;
				PRODUCT_BUNDLE_IDENTIFIER = "com.elaniacs.H4x0r-News";
				PRODUCT_NAME = "$(TARGET_NAME)";
				SUPPORTS_MACCATALYST = YES;
				SWIFT_EMIT_LOC_STRINGS = YES;
				SWIFT_VERSION = 5.0;
				TARGETED_DEVICE_FAMILY = "1,2";
			};
			name = Debug;
		};
		739E3E5628DDE2350022BB60 /* Release */ = {
			isa = XCBuildConfiguration;
			buildSettings = {
				ASSETCATALOG_COMPILER_APPICON_NAME = AppIcon;
				ASSETCATALOG_COMPILER_GLOBAL_ACCENT_COLOR_NAME = AccentColor;
				CODE_SIGN_ENTITLEMENTS = "H4x0r News/H4x0r News.entitlements";
				CODE_SIGN_STYLE = Automatic;
				CURRENT_PROJECT_VERSION = 1;
				DEVELOPMENT_ASSET_PATHS = "\"H4x0r News/Preview Content\"";
				DEVELOPMENT_TEAM = 566CT6QDNS;
				ENABLE_PREVIEWS = YES;
				GENERATE_INFOPLIST_FILE = YES;
				INFOPLIST_KEY_UIApplicationSceneManifest_Generation = YES;
				INFOPLIST_KEY_UIApplicationSupportsIndirectInputEvents = YES;
				INFOPLIST_KEY_UILaunchScreen_Generation = YES;
				INFOPLIST_KEY_UISupportedInterfaceOrientations_iPad = "UIInterfaceOrientationPortrait UIInterfaceOrientationPortraitUpsideDown UIInterfaceOrientationLandscapeLeft UIInterfaceOrientationLandscapeRight";
				INFOPLIST_KEY_UISupportedInterfaceOrientations_iPhone = "UIInterfaceOrientationPortrait UIInterfaceOrientationLandscapeLeft UIInterfaceOrientationLandscapeRight";
				LD_RUNPATH_SEARCH_PATHS = (
					"$(inherited)",
					"@executable_path/Frameworks",
				);
				MARKETING_VERSION = 1.0;
				PRODUCT_BUNDLE_IDENTIFIER = "com.elaniacs.H4x0r-News";
				PRODUCT_NAME = "$(TARGET_NAME)";
				SUPPORTS_MACCATALYST = YES;
				SWIFT_EMIT_LOC_STRINGS = YES;
				SWIFT_VERSION = 5.0;
				TARGETED_DEVICE_FAMILY = "1,2";
			};
			name = Release;
		};
/* End XCBuildConfiguration section */

/* Begin XCConfigurationList section */
		739E3E4128DDE22C0022BB60 /* Build configuration list for PBXProject "H4x0r News" */ = {
			isa = XCConfigurationList;
			buildConfigurations = (
				739E3E5228DDE2350022BB60 /* Debug */,
				739E3E5328DDE2350022BB60 /* Release */,
			);
			defaultConfigurationIsVisible = 0;
			defaultConfigurationName = Release;
		};
		739E3E5428DDE2350022BB60 /* Build configuration list for PBXNativeTarget "H4x0r News" */ = {
			isa = XCConfigurationList;
			buildConfigurations = (
				739E3E5528DDE2350022BB60 /* Debug */,
				739E3E5628DDE2350022BB60 /* Release */,
			);
			defaultConfigurationIsVisible = 0;
			defaultConfigurationName = Release;
		};
/* End XCConfigurationList section */
	};
	rootObject = 739E3E3E28DDE22C0022BB60 /* Project object */;
}
